
Microsoft Visual Studio Solution File, Format Version 12.00
# Visual Studio Version 17
VisualStudioVersion = 17.10.35122.118
MinimumVisualStudioVersion = 10.0.40219.1
Project("{9A19103F-16F7-4668-BE54-9A1E7A4F7556}") = "SCMultiplayerAPI", "SCMultiplayerAPI\SCMultiplayerAPI.csproj", "{628392EB-5CD6-4B02-9E4C-A24351BCADE7}"
EndProject
Project("{9A19103F-16F7-4668-BE54-9A1E7A4F7556}") = "CLIToolCommon", "CLIToolCommon\CLIToolCommon.csproj", "{D87D9496-1564-4F5E-AAAB-6EFAE7107DCB}"
EndProject
Global
	GlobalSection(SolutionConfigurationPlatforms) = preSolution
		Debug|Any CPU = Debug|Any CPU
		Release|Any CPU = Release|Any CPU
	EndGlobalSection
	GlobalSection(ProjectConfigurationPlatforms) = postSolution
		{628392EB-5CD6-4B02-9E4C-A24351BCADE7}.Debug|Any CPU.ActiveCfg = Debug|Any CPU
		{628392EB-5CD6-4B02-9E4C-A24351BCADE7}.Debug|Any CPU.Build.0 = Debug|Any CPU
		{628392EB-5CD6-4B02-9E4C-A24351BCADE7}.Release|Any CPU.ActiveCfg = Release|Any CPU
		{628392EB-5CD6-4B02-9E4C-A24351BCADE7}.Release|Any CPU.Build.0 = Release|Any CPU
		{D87D9496-1564-4F5E-AAAB-6EFAE7107DCB}.Debug|Any CPU.ActiveCfg = Debug|Any CPU
		{D87D9496-1564-4F5E-AAAB-6EFAE7107DCB}.Debug|Any CPU.Build.0 = Debug|Any CPU
		{D87D9496-1564-4F5E-AAAB-6EFAE7107DCB}.Release|Any CPU.ActiveCfg = Release|Any CPU
		{D87D9496-1564-4F5E-AAAB-6EFAE7107DCB}.Release|Any CPU.Build.0 = Release|Any CPU
	EndGlobalSection
	GlobalSection(SolutionProperties) = preSolution
		HideSolutionNode = FALSE
	EndGlobalSection
	GlobalSection(ExtensibilityGlobals) = postSolution
		SolutionGuid = {53B95F46-1117-4B7D-8BAA-41942EA065FD}
	EndGlobalSection
EndGlobal
